
Microsoft Visual Studio Solution File, Format Version 12.00
# Visual Studio Version 17
VisualStudioVersion = 17.10.35004.147
MinimumVisualStudioVersion = 10.0.40219.1
Project("{FAE04EC0-301F-11D3-BF4B-00C04F79EFBC}") = "Problem11", "Problem11\Problem11.csproj", "{5DD4DC20-AC06-4ECC-9482-4E3796483F51}"
EndProject
Project("{FAE04EC0-301F-11D3-BF4B-00C04F79EFBC}") = "Shared", "Shared\Shared.csproj", "{21BC46B6-2F67-48E4-B19B-95539326C9AF}"
EndProject
Project("{FAE04EC0-301F-11D3-BF4B-00C04F79EFBC}") = "Problem13", "Problem13\Problem13.csproj", "{3AB7DAE4-118E-432C-BA17-F4B819BF5AD6}"
EndProject
Project("{2150E333-8FDC-42A3-9474-1A3956D46DE8}") = "Solution Items", "Solution Items", "{51096EA9-EFA1-4187-8ADC-FA835625CD35}"
	ProjectSection(SolutionItems) = preProject
		readme.md = readme.md
	EndProjectSection
EndProject
Project("{FAE04EC0-301F-11D3-BF4B-00C04F79EFBC}") = "Problem14", "Problem14\Problem14.csproj", "{174C56E6-80C2-4DFA-84B7-B6E700CF14C9}"
EndProject
Project("{FAE04EC0-301F-11D3-BF4B-00C04F79EFBC}") = "Problem15", "Problem15\Problem15.csproj", "{0317A467-D14F-47BB-B222-19EE8F0AC163}"
EndProject
Global
	GlobalSection(SolutionConfigurationPlatforms) = preSolution
		Debug|Any CPU = Debug|Any CPU
		Release|Any CPU = Release|Any CPU
	EndGlobalSection
	GlobalSection(ProjectConfigurationPlatforms) = postSolution
		{5DD4DC20-AC06-4ECC-9482-4E3796483F51}.Debug|Any CPU.ActiveCfg = Debug|Any CPU
		{5DD4DC20-AC06-4ECC-9482-4E3796483F51}.Debug|Any CPU.Build.0 = Debug|Any CPU
		{5DD4DC20-AC06-4ECC-9482-4E3796483F51}.Release|Any CPU.ActiveCfg = Release|Any CPU
		{5DD4DC20-AC06-4ECC-9482-4E3796483F51}.Release|Any CPU.Build.0 = Release|Any CPU
		{21BC46B6-2F67-48E4-B19B-95539326C9AF}.Debug|Any CPU.ActiveCfg = Debug|Any CPU
		{21BC46B6-2F67-48E4-B19B-95539326C9AF}.Debug|Any CPU.Build.0 = Debug|Any CPU
		{21BC46B6-2F67-48E4-B19B-95539326C9AF}.Release|Any CPU.ActiveCfg = Release|Any CPU
		{21BC46B6-2F67-48E4-B19B-95539326C9AF}.Release|Any CPU.Build.0 = Release|Any CPU
		{3AB7DAE4-118E-432C-BA17-F4B819BF5AD6}.Debug|Any CPU.ActiveCfg = Debug|Any CPU
		{3AB7DAE4-118E-432C-BA17-F4B819BF5AD6}.Debug|Any CPU.Build.0 = Debug|Any CPU
		{3AB7DAE4-118E-432C-BA17-F4B819BF5AD6}.Release|Any CPU.ActiveCfg = Release|Any CPU
		{3AB7DAE4-118E-432C-BA17-F4B819BF5AD6}.Release|Any CPU.Build.0 = Release|Any CPU
		{174C56E6-80C2-4DFA-84B7-B6E700CF14C9}.Debug|Any CPU.ActiveCfg = Debug|Any CPU
		{174C56E6-80C2-4DFA-84B7-B6E700CF14C9}.Debug|Any CPU.Build.0 = Debug|Any CPU
		{174C56E6-80C2-4DFA-84B7-B6E700CF14C9}.Release|Any CPU.ActiveCfg = Release|Any CPU
		{174C56E6-80C2-4DFA-84B7-B6E700CF14C9}.Release|Any CPU.Build.0 = Release|Any CPU
		{0317A467-D14F-47BB-B222-19EE8F0AC163}.Debug|Any CPU.ActiveCfg = Debug|Any CPU
		{0317A467-D14F-47BB-B222-19EE8F0AC163}.Debug|Any CPU.Build.0 = Debug|Any CPU
		{0317A467-D14F-47BB-B222-19EE8F0AC163}.Release|Any CPU.ActiveCfg = Release|Any CPU
		{0317A467-D14F-47BB-B222-19EE8F0AC163}.Release|Any CPU.Build.0 = Release|Any CPU
	EndGlobalSection
	GlobalSection(SolutionProperties) = preSolution
		HideSolutionNode = FALSE
	EndGlobalSection
	GlobalSection(ExtensibilityGlobals) = postSolution
		SolutionGuid = {CE1B08F8-0266-4162-98B1-EA7F79CE1EE6}
	EndGlobalSection
EndGlobal
